
Microsoft Visual Studio Solution File, Format Version 12.00
# Visual Studio 15
VisualStudioVersion = 15.0.27130.2024
MinimumVisualStudioVersion = 10.0.40219.1
Project("{FAE04EC0-301F-11D3-BF4B-00C04F79EFBC}") = "M17AB_T1_17_18", "M17AB_T1_17_18\M17AB_T1_17_18.csproj", "{48EE3157-0728-4CC4-8697-A8BCAAA6C300}"
EndProject
Global
	GlobalSection(SolutionConfigurationPlatforms) = preSolution
		Debug|Any CPU = Debug|Any CPU
		Release|Any CPU = Release|Any CPU
	EndGlobalSection
	GlobalSection(ProjectConfigurationPlatforms) = postSolution
		{48EE3157-0728-4CC4-8697-A8BCAAA6C300}.Debug|Any CPU.ActiveCfg = Debug|Any CPU
		{48EE3157-0728-4CC4-8697-A8BCAAA6C300}.Debug|Any CPU.Build.0 = Debug|Any CPU
		{48EE3157-0728-4CC4-8697-A8BCAAA6C300}.Release|Any CPU.ActiveCfg = Release|Any CPU
		{48EE3157-0728-4CC4-8697-A8BCAAA6C300}.Release|Any CPU.Build.0 = Release|Any CPU
	EndGlobalSection
	GlobalSection(SolutionProperties) = preSolution
		HideSolutionNode = FALSE
	EndGlobalSection
	GlobalSection(ExtensibilityGlobals) = postSolution
		SolutionGuid = {2D9C7D39-13D5-4AA1-96C2-EAC36B62DEE3}
	EndGlobalSection
EndGlobal
